{
  "name": "week-3-async-file-read",
  "version": "1.0.0",
  "lockfileVersion": 1,
  "requires": true,
  "dependencies": {
    "async": {
      "version": "2.6.1",
      "resolved": "https://registry.npmjs.org/async/-/async-2.6.1.tgz",
      "integrity": "sha512-fNEiL2+AZt6AlAw/29Cr0UDe4sRAHCpEHh54WMz+Bb7QfNcFw4h3loofyJpLeQs4Yx7yuqu/2dLgM5hKOs6HlQ==",
      "requires": {
        "lodash": "^4.17.10"
      }
    },
    "lodash": {
      "version": "4.17.19",
      "resolved": "https://registry.npmjs.org/lodash/-/lodash-4.17.19.tgz",
      "integrity": "sha512-JNvd8XER9GQX0v2qJgsaN/mzFCNA5BRe/j8JN9d+tWyGLSodKQHKFicdwNYzWwI3wjRnaKPsGj1XkBjx/F96DQ=="
    }
  }
}
